// !$*UTF8*$!
{
	archiveVersion = 1;
	classes = {
	};
	objectVersion = 56;
	objects = {

/* Begin PBXBuildFile section */
		163C54A929D2F44C0083DEE5 /* main.swift in Sources */ = {isa = PBXBuildFile; fileRef = 163C54A829D2F44C0083DEE5 /* main.swift */; };
		163C54BE29D2F9B20083DEE5 /* User.swift in Sources */ = {isa = PBXBuildFile; fileRef = 163C54BD29D2F9B20083DEE5 /* User.swift */; };
		163C54C029D2F9C00083DEE5 /* Admin.swift in Sources */ = {isa = PBXBuildFile; fileRef = 163C54BF29D2F9C00083DEE5 /* Admin.swift */; };
		163C54C229D2F9CF0083DEE5 /* Customer.swift in Sources */ = {isa = PBXBuildFile; fileRef = 163C54C129D2F9CF0083DEE5 /* Customer.swift */; };
		163C54C429D2FA310083DEE5 /* Product.swift in Sources */ = {isa = PBXBuildFile; fileRef = 163C54C329D2FA310083DEE5 /* Product.swift */; };
		163C54C629D2FA410083DEE5 /* ProductCategory.swift in Sources */ = {isa = PBXBuildFile; fileRef = 163C54C529D2FA410083DEE5 /* ProductCategory.swift */; };
		163C54C829D2FA4C0083DEE5 /* Discount.swift in Sources */ = {isa = PBXBuildFile; fileRef = 163C54C729D2FA4C0083DEE5 /* Discount.swift */; };
		163C54CA29D2FA530083DEE5 /* Order.swift in Sources */ = {isa = PBXBuildFile; fileRef = 163C54C929D2FA530083DEE5 /* Order.swift */; };
		163C54CC29D2FA5A0083DEE5 /* Cart.swift in Sources */ = {isa = PBXBuildFile; fileRef = 163C54CB29D2FA5A0083DEE5 /* Cart.swift */; };
		163C54D729D2FBC60083DEE5 /* MainDatabase.swift in Sources */ = {isa = PBXBuildFile; fileRef = 163C54D629D2FBC60083DEE5 /* MainDatabase.swift */; };
		163C54E729D4118D0083DEE5 /* DatabaseManager.swift in Sources */ = {isa = PBXBuildFile; fileRef = 163C54E629D4118D0083DEE5 /* DatabaseManager.swift */; };
		163C54EB29D41CB40083DEE5 /* AdminMenu.swift in Sources */ = {isa = PBXBuildFile; fileRef = 163C54EA29D41CB40083DEE5 /* AdminMenu.swift */; };
		163C54ED29D41CC40083DEE5 /* CustomerMenu.swift in Sources */ = {isa = PBXBuildFile; fileRef = 163C54EC29D41CC40083DEE5 /* CustomerMenu.swift */; };
		163C54EF29D41D2A0083DEE5 /* LoginMenu.swift in Sources */ = {isa = PBXBuildFile; fileRef = 163C54EE29D41D2A0083DEE5 /* LoginMenu.swift */; };
		163C54F229D42CE40083DEE5 /* AdminOptions.swift in Sources */ = {isa = PBXBuildFile; fileRef = 163C54F129D42CE40083DEE5 /* AdminOptions.swift */; };
		163C54F429D42D0F0083DEE5 /* CustomerOptions.swift in Sources */ = {isa = PBXBuildFile; fileRef = 163C54F329D42D0F0083DEE5 /* CustomerOptions.swift */; };
		163C54F629D42D4B0083DEE5 /* LoginOptions.swift in Sources */ = {isa = PBXBuildFile; fileRef = 163C54F529D42D4B0083DEE5 /* LoginOptions.swift */; };
		163C54FA29D468D70083DEE5 /* Validator.swift in Sources */ = {isa = PBXBuildFile; fileRef = 163C54F929D468D70083DEE5 /* Validator.swift */; };
		163C54FF29D55C6B0083DEE5 /* Util.swift in Sources */ = {isa = PBXBuildFile; fileRef = 163C54FE29D55C6B0083DEE5 /* Util.swift */; };
		163C550C29D5A8CF0083DEE5 /* CustomerProductManager.swift in Sources */ = {isa = PBXBuildFile; fileRef = 163C550B29D5A8CF0083DEE5 /* CustomerProductManager.swift */; };
		163C550E29D5A8E60083DEE5 /* AdminProductManager.swift in Sources */ = {isa = PBXBuildFile; fileRef = 163C550D29D5A8E60083DEE5 /* AdminProductManager.swift */; };
		163C551029D5A8F30083DEE5 /* CustomerOrderManager.swift in Sources */ = {isa = PBXBuildFile; fileRef = 163C550F29D5A8F30083DEE5 /* CustomerOrderManager.swift */; };
		163C551229D5A9050083DEE5 /* AdminOrderManager.swift in Sources */ = {isa = PBXBuildFile; fileRef = 163C551129D5A9050083DEE5 /* AdminOrderManager.swift */; };
		163C551429D5A9140083DEE5 /* UserDetailsManager.swift in Sources */ = {isa = PBXBuildFile; fileRef = 163C551329D5A9140083DEE5 /* UserDetailsManager.swift */; };
		163C551829D5AE790083DEE5 /* UserDataManager.swift in Sources */ = {isa = PBXBuildFile; fileRef = 163C551729D5AE790083DEE5 /* UserDataManager.swift */; };
		163C551A29D5AE8F0083DEE5 /* ProductDataManager.swift in Sources */ = {isa = PBXBuildFile; fileRef = 163C551929D5AE8F0083DEE5 /* ProductDataManager.swift */; };
		163C551C29D5AE9F0083DEE5 /* OrderDataManager.swift in Sources */ = {isa = PBXBuildFile; fileRef = 163C551B29D5AE9F0083DEE5 /* OrderDataManager.swift */; };
/* End PBXBuildFile section */

/* Begin PBXCopyFilesBuildPhase section */
		163C54A329D2F44C0083DEE5 /* CopyFiles */ = {
			isa = PBXCopyFilesBuildPhase;
			buildActionMask = 2147483647;
			dstPath = /usr/share/man/man1/;
			dstSubfolderSpec = 0;
			files = (
			);
			runOnlyForDeploymentPostprocessing = 1;
		};
/* End PBXCopyFilesBuildPhase section */

/* Begin PBXFileReference section */
		163C54A529D2F44C0083DEE5 /* swiftConsoleApp */ = {isa = PBXFileReference; explicitFileType = "compiled.mach-o.executable"; includeInIndex = 0; path = swiftConsoleApp; sourceTree = BUILT_PRODUCTS_DIR; };
		163C54A829D2F44C0083DEE5 /* main.swift */ = {isa = PBXFileReference; lastKnownFileType = sourcecode.swift; path = main.swift; sourceTree = "<group>"; };
		163C54BD29D2F9B20083DEE5 /* User.swift */ = {isa = PBXFileReference; lastKnownFileType = sourcecode.swift; path = User.swift; sourceTree = "<group>"; };
		163C54BF29D2F9C00083DEE5 /* Admin.swift */ = {isa = PBXFileReference; lastKnownFileType = sourcecode.swift; path = Admin.swift; sourceTree = "<group>"; };
		163C54C129D2F9CF0083DEE5 /* Customer.swift */ = {isa = PBXFileReference; lastKnownFileType = sourcecode.swift; path = Customer.swift; sourceTree = "<group>"; };
		163C54C329D2FA310083DEE5 /* Product.swift */ = {isa = PBXFileReference; lastKnownFileType = sourcecode.swift; path = Product.swift; sourceTree = "<group>"; };
		163C54C529D2FA410083DEE5 /* ProductCategory.swift */ = {isa = PBXFileReference; lastKnownFileType = sourcecode.swift; path = ProductCategory.swift; sourceTree = "<group>"; };
		163C54C729D2FA4C0083DEE5 /* Discount.swift */ = {isa = PBXFileReference; lastKnownFileType = sourcecode.swift; path = Discount.swift; sourceTree = "<group>"; };
		163C54C929D2FA530083DEE5 /* Order.swift */ = {isa = PBXFileReference; lastKnownFileType = sourcecode.swift; path = Order.swift; sourceTree = "<group>"; };
		163C54CB29D2FA5A0083DEE5 /* Cart.swift */ = {isa = PBXFileReference; lastKnownFileType = sourcecode.swift; path = Cart.swift; sourceTree = "<group>"; };
		163C54D629D2FBC60083DEE5 /* MainDatabase.swift */ = {isa = PBXFileReference; lastKnownFileType = sourcecode.swift; path = MainDatabase.swift; sourceTree = "<group>"; };
		163C54E629D4118D0083DEE5 /* DatabaseManager.swift */ = {isa = PBXFileReference; lastKnownFileType = sourcecode.swift; path = DatabaseManager.swift; sourceTree = "<group>"; };
		163C54EA29D41CB40083DEE5 /* AdminMenu.swift */ = {isa = PBXFileReference; lastKnownFileType = sourcecode.swift; path = AdminMenu.swift; sourceTree = "<group>"; };
		163C54EC29D41CC40083DEE5 /* CustomerMenu.swift */ = {isa = PBXFileReference; lastKnownFileType = sourcecode.swift; path = CustomerMenu.swift; sourceTree = "<group>"; };
		163C54EE29D41D2A0083DEE5 /* LoginMenu.swift */ = {isa = PBXFileReference; lastKnownFileType = sourcecode.swift; path = LoginMenu.swift; sourceTree = "<group>"; };
		163C54F129D42CE40083DEE5 /* AdminOptions.swift */ = {isa = PBXFileReference; lastKnownFileType = sourcecode.swift; path = AdminOptions.swift; sourceTree = "<group>"; };
		163C54F329D42D0F0083DEE5 /* CustomerOptions.swift */ = {isa = PBXFileReference; lastKnownFileType = sourcecode.swift; path = CustomerOptions.swift; sourceTree = "<group>"; };
		163C54F529D42D4B0083DEE5 /* LoginOptions.swift */ = {isa = PBXFileReference; lastKnownFileType = sourcecode.swift; path = LoginOptions.swift; sourceTree = "<group>"; };
		163C54F929D468D70083DEE5 /* Validator.swift */ = {isa = PBXFileReference; lastKnownFileType = sourcecode.swift; path = Validator.swift; sourceTree = "<group>"; };
		163C54FE29D55C6B0083DEE5 /* Util.swift */ = {isa = PBXFileReference; lastKnownFileType = sourcecode.swift; path = Util.swift; sourceTree = "<group>"; };
		163C550B29D5A8CF0083DEE5 /* CustomerProductManager.swift */ = {isa = PBXFileReference; lastKnownFileType = sourcecode.swift; path = CustomerProductManager.swift; sourceTree = "<group>"; };
		163C550D29D5A8E60083DEE5 /* AdminProductManager.swift */ = {isa = PBXFileReference; lastKnownFileType = sourcecode.swift; path = AdminProductManager.swift; sourceTree = "<group>"; };
		163C550F29D5A8F30083DEE5 /* CustomerOrderManager.swift */ = {isa = PBXFileReference; lastKnownFileType = sourcecode.swift; path = CustomerOrderManager.swift; sourceTree = "<group>"; };
		163C551129D5A9050083DEE5 /* AdminOrderManager.swift */ = {isa = PBXFileReference; lastKnownFileType = sourcecode.swift; path = AdminOrderManager.swift; sourceTree = "<group>"; };
		163C551329D5A9140083DEE5 /* UserDetailsManager.swift */ = {isa = PBXFileReference; lastKnownFileType = sourcecode.swift; path = UserDetailsManager.swift; sourceTree = "<group>"; };
		163C551729D5AE790083DEE5 /* UserDataManager.swift */ = {isa = PBXFileReference; lastKnownFileType = sourcecode.swift; path = UserDataManager.swift; sourceTree = "<group>"; };
		163C551929D5AE8F0083DEE5 /* ProductDataManager.swift */ = {isa = PBXFileReference; lastKnownFileType = sourcecode.swift; path = ProductDataManager.swift; sourceTree = "<group>"; };
		163C551B29D5AE9F0083DEE5 /* OrderDataManager.swift */ = {isa = PBXFileReference; lastKnownFileType = sourcecode.swift; path = OrderDataManager.swift; sourceTree = "<group>"; };
/* End PBXFileReference section */

/* Begin PBXFrameworksBuildPhase section */
		163C54A229D2F44C0083DEE5 /* Frameworks */ = {
			isa = PBXFrameworksBuildPhase;
			buildActionMask = 2147483647;
			files = (
			);
			runOnlyForDeploymentPostprocessing = 0;
		};
/* End PBXFrameworksBuildPhase section */

/* Begin PBXGroup section */
		163C549C29D2F44C0083DEE5 = {
			isa = PBXGroup;
			children = (
				163C54A729D2F44C0083DEE5 /* swiftConsoleApp */,
				163C54A629D2F44C0083DEE5 /* Products */,
			);
			sourceTree = "<group>";
		};
		163C54A629D2F44C0083DEE5 /* Products */ = {
			isa = PBXGroup;
			children = (
				163C54A529D2F44C0083DEE5 /* swiftConsoleApp */,
			);
			name = Products;
			sourceTree = "<group>";
		};
		163C54A729D2F44C0083DEE5 /* swiftConsoleApp */ = {
			isa = PBXGroup;
			children = (
				163C54E829D41C950083DEE5 /* UserInterface */,
				163C54B529D2F82C0083DEE5 /* Database */,
				163C54B029D2F4870083DEE5 /* Core */,
			);
			path = swiftConsoleApp;
			sourceTree = "<group>";
		};
		163C54B029D2F4870083DEE5 /* Core */ = {
			isa = PBXGroup;
			children = (
				163C550529D5A7EF0083DEE5 /* repositoryy */,
				163C54B129D2F5500083DEE5 /* model */,
			);
			path = Core;
			sourceTree = "<group>";
		};
		163C54B129D2F5500083DEE5 /* model */ = {
			isa = PBXGroup;
			children = (
				163C54BC29D2F9890083DEE5 /* Users */,
				163C54BA29D2F9730083DEE5 /* Product */,
			);
			path = model;
			sourceTree = "<group>";
		};
		163C54B529D2F82C0083DEE5 /* Database */ = {
			isa = PBXGroup;
			children = (
				163C551629D5AE3F0083DEE5 /* repository */,
				163C551529D5AE260083DEE5 /* model */,
			);
			path = Database;
			sourceTree = "<group>";
		};
		163C54BA29D2F9730083DEE5 /* Product */ = {
			isa = PBXGroup;
			children = (
				163C54C329D2FA310083DEE5 /* Product.swift */,
				163C54C529D2FA410083DEE5 /* ProductCategory.swift */,
				163C54C729D2FA4C0083DEE5 /* Discount.swift */,
				163C54C929D2FA530083DEE5 /* Order.swift */,
				163C54CB29D2FA5A0083DEE5 /* Cart.swift */,
			);
			path = Product;
			sourceTree = "<group>";
		};
		163C54BC29D2F9890083DEE5 /* Users */ = {
			isa = PBXGroup;
			children = (
				163C54BD29D2F9B20083DEE5 /* User.swift */,
				163C54BF29D2F9C00083DEE5 /* Admin.swift */,
				163C54C129D2F9CF0083DEE5 /* Customer.swift */,
			);
			path = Users;
			sourceTree = "<group>";
		};
		163C54E829D41C950083DEE5 /* UserInterface */ = {
			isa = PBXGroup;
			children = (
				163C54F829D468C00083DEE5 /* Helper */,
				163C54E929D41CA00083DEE5 /* Menu */,
			);
			path = UserInterface;
			sourceTree = "<group>";
		};
		163C54E929D41CA00083DEE5 /* Menu */ = {
			isa = PBXGroup;
			children = (
				163C54F029D42CCF0083DEE5 /* Enums */,
				163C54EA29D41CB40083DEE5 /* AdminMenu.swift */,
				163C54EC29D41CC40083DEE5 /* CustomerMenu.swift */,
				163C54EE29D41D2A0083DEE5 /* LoginMenu.swift */,
				163C54A829D2F44C0083DEE5 /* main.swift */,
			);
			path = Menu;
			sourceTree = "<group>";
		};
		163C54F029D42CCF0083DEE5 /* Enums */ = {
			isa = PBXGroup;
			children = (
				163C54F129D42CE40083DEE5 /* AdminOptions.swift */,
				163C54F329D42D0F0083DEE5 /* CustomerOptions.swift */,
				163C54F529D42D4B0083DEE5 /* LoginOptions.swift */,
			);
			path = Enums;
			sourceTree = "<group>";
		};
		163C54F829D468C00083DEE5 /* Helper */ = {
			isa = PBXGroup;
			children = (
				163C54F929D468D70083DEE5 /* Validator.swift */,
				163C54FE29D55C6B0083DEE5 /* Util.swift */,
			);
			path = Helper;
			sourceTree = "<group>";
		};
		163C550529D5A7EF0083DEE5 /* repositoryy */ = {
			isa = PBXGroup;
			children = (
				163C550A29D5A8AD0083DEE5 /* Product */,
				163C550929D5A8950083DEE5 /* Order */,
				163C550729D5A8860083DEE5 /* User */,
			);
			path = repositoryy;
			sourceTree = "<group>";
		};
		163C550729D5A8860083DEE5 /* User */ = {
			isa = PBXGroup;
			children = (
				163C551329D5A9140083DEE5 /* UserDetailsManager.swift */,
			);
			path = User;
			sourceTree = "<group>";
		};
		163C550929D5A8950083DEE5 /* Order */ = {
			isa = PBXGroup;
			children = (
				163C550F29D5A8F30083DEE5 /* CustomerOrderManager.swift */,
				163C551129D5A9050083DEE5 /* AdminOrderManager.swift */,
			);
			path = Order;
			sourceTree = "<group>";
		};
		163C550A29D5A8AD0083DEE5 /* Product */ = {
			isa = PBXGroup;
			children = (
				163C550B29D5A8CF0083DEE5 /* CustomerProductManager.swift */,
				163C550D29D5A8E60083DEE5 /* AdminProductManager.swift */,
			);
			path = Product;
			sourceTree = "<group>";
		};
		163C551529D5AE260083DEE5 /* model */ = {
			isa = PBXGroup;
			children = (
				163C54D629D2FBC60083DEE5 /* MainDatabase.swift */,
			);
			path = model;
			sourceTree = "<group>";
		};
		163C551629D5AE3F0083DEE5 /* repository */ = {
			isa = PBXGroup;
			children = (
				163C54E629D4118D0083DEE5 /* DatabaseManager.swift */,
				163C551729D5AE790083DEE5 /* UserDataManager.swift */,
				163C551929D5AE8F0083DEE5 /* ProductDataManager.swift */,
				163C551B29D5AE9F0083DEE5 /* OrderDataManager.swift */,
			);
			path = repository;
			sourceTree = "<group>";
		};
/* End PBXGroup section */

/* Begin PBXNativeTarget section */
		163C54A429D2F44C0083DEE5 /* swiftConsoleApp */ = {
			isa = PBXNativeTarget;
			buildConfigurationList = 163C54AC29D2F44C0083DEE5 /* Build configuration list for PBXNativeTarget "swiftConsoleApp" */;
			buildPhases = (
				163C54A129D2F44C0083DEE5 /* Sources */,
				163C54A229D2F44C0083DEE5 /* Frameworks */,
				163C54A329D2F44C0083DEE5 /* CopyFiles */,
			);
			buildRules = (
			);
			dependencies = (
			);
			name = swiftConsoleApp;
			productName = swiftConsoleApp;
			productReference = 163C54A529D2F44C0083DEE5 /* swiftConsoleApp */;
			productType = "com.apple.product-type.tool";
		};
/* End PBXNativeTarget section */

/* Begin PBXProject section */
		163C549D29D2F44C0083DEE5 /* Project object */ = {
			isa = PBXProject;
			attributes = {
				BuildIndependentTargetsInParallel = 1;
				LastSwiftUpdateCheck = 1420;
				LastUpgradeCheck = 1420;
				TargetAttributes = {
					163C54A429D2F44C0083DEE5 = {
						CreatedOnToolsVersion = 14.2;
					};
				};
			};
			buildConfigurationList = 163C54A029D2F44C0083DEE5 /* Build configuration list for PBXProject "swiftConsoleApp" */;
			compatibilityVersion = "Xcode 14.0";
			developmentRegion = en;
			hasScannedForEncodings = 0;
			knownRegions = (
				en,
				Base,
			);
			mainGroup = 163C549C29D2F44C0083DEE5;
			productRefGroup = 163C54A629D2F44C0083DEE5 /* Products */;
			projectDirPath = "";
			projectRoot = "";
			targets = (
				163C54A429D2F44C0083DEE5 /* swiftConsoleApp */,
			);
		};
/* End PBXProject section */

/* Begin PBXSourcesBuildPhase section */
		163C54A129D2F44C0083DEE5 /* Sources */ = {
			isa = PBXSourcesBuildPhase;
			buildActionMask = 2147483647;
			files = (
				163C54E729D4118D0083DEE5 /* DatabaseManager.swift in Sources */,
				163C54BE29D2F9B20083DEE5 /* User.swift in Sources */,
				163C54ED29D41CC40083DEE5 /* CustomerMenu.swift in Sources */,
				163C551A29D5AE8F0083DEE5 /* ProductDataManager.swift in Sources */,
				163C54CC29D2FA5A0083DEE5 /* Cart.swift in Sources */,
				163C54FA29D468D70083DEE5 /* Validator.swift in Sources */,
				163C54F429D42D0F0083DEE5 /* CustomerOptions.swift in Sources */,
				163C551029D5A8F30083DEE5 /* CustomerOrderManager.swift in Sources */,
				163C54D729D2FBC60083DEE5 /* MainDatabase.swift in Sources */,
				163C54C829D2FA4C0083DEE5 /* Discount.swift in Sources */,
				163C551C29D5AE9F0083DEE5 /* OrderDataManager.swift in Sources */,
				163C54CA29D2FA530083DEE5 /* Order.swift in Sources */,
				163C550C29D5A8CF0083DEE5 /* CustomerProductManager.swift in Sources */,
				163C551429D5A9140083DEE5 /* UserDetailsManager.swift in Sources */,
				163C54C629D2FA410083DEE5 /* ProductCategory.swift in Sources */,
				163C54C029D2F9C00083DEE5 /* Admin.swift in Sources */,
				163C54F229D42CE40083DEE5 /* AdminOptions.swift in Sources */,
				163C550E29D5A8E60083DEE5 /* AdminProductManager.swift in Sources */,
				163C54F629D42D4B0083DEE5 /* LoginOptions.swift in Sources */,
				163C551829D5AE790083DEE5 /* UserDataManager.swift in Sources */,
				163C54C429D2FA310083DEE5 /* Product.swift in Sources */,
				163C54FF29D55C6B0083DEE5 /* Util.swift in Sources */,
				163C54A929D2F44C0083DEE5 /* main.swift in Sources */,
				163C54C229D2F9CF0083DEE5 /* Customer.swift in Sources */,
				163C54EF29D41D2A0083DEE5 /* LoginMenu.swift in Sources */,
				163C54EB29D41CB40083DEE5 /* AdminMenu.swift in Sources */,
				163C551229D5A9050083DEE5 /* AdminOrderManager.swift in Sources */,
			);
			runOnlyForDeploymentPostprocessing = 0;
		};
/* End PBXSourcesBuildPhase section */

/* Begin XCBuildConfiguration section */
		163C54AA29D2F44C0083DEE5 /* Debug */ = {
			isa = XCBuildConfiguration;
			buildSettings = {
				ALWAYS_SEARCH_USER_PATHS = NO;
				CLANG_ANALYZER_NONNULL = YES;
				CLANG_ANALYZER_NUMBER_OBJECT_CONVERSION = YES_AGGRESSIVE;
				CLANG_CXX_LANGUAGE_STANDARD = "gnu++20";
				CLANG_ENABLE_MODULES = YES;
				CLANG_ENABLE_OBJC_ARC = YES;
				CLANG_ENABLE_OBJC_WEAK = YES;
				CLANG_WARN_BLOCK_CAPTURE_AUTORELEASING = YES;
				CLANG_WARN_BOOL_CONVERSION = YES;
				CLANG_WARN_COMMA = YES;
				CLANG_WARN_CONSTANT_CONVERSION = YES;
				CLANG_WARN_DEPRECATED_OBJC_IMPLEMENTATIONS = YES;
				CLANG_WARN_DIRECT_OBJC_ISA_USAGE = YES_ERROR;
				CLANG_WARN_DOCUMENTATION_COMMENTS = YES;
				CLANG_WARN_EMPTY_BODY = YES;
				CLANG_WARN_ENUM_CONVERSION = YES;
				CLANG_WARN_INFINITE_RECURSION = YES;
				CLANG_WARN_INT_CONVERSION = YES;
				CLANG_WARN_NON_LITERAL_NULL_CONVERSION = YES;
				CLANG_WARN_OBJC_IMPLICIT_RETAIN_SELF = YES;
				CLANG_WARN_OBJC_LITERAL_CONVERSION = YES;
				CLANG_WARN_OBJC_ROOT_CLASS = YES_ERROR;
				CLANG_WARN_QUOTED_INCLUDE_IN_FRAMEWORK_HEADER = YES;
				CLANG_WARN_RANGE_LOOP_ANALYSIS = YES;
				CLANG_WARN_STRICT_PROTOTYPES = YES;
				CLANG_WARN_SUSPICIOUS_MOVE = YES;
				CLANG_WARN_UNGUARDED_AVAILABILITY = YES_AGGRESSIVE;
				CLANG_WARN_UNREACHABLE_CODE = YES;
				CLANG_WARN__DUPLICATE_METHOD_MATCH = YES;
				COPY_PHASE_STRIP = NO;
				DEBUG_INFORMATION_FORMAT = dwarf;
				ENABLE_STRICT_OBJC_MSGSEND = YES;
				ENABLE_TESTABILITY = YES;
				GCC_C_LANGUAGE_STANDARD = gnu11;
				GCC_DYNAMIC_NO_PIC = NO;
				GCC_NO_COMMON_BLOCKS = YES;
				GCC_OPTIMIZATION_LEVEL = 0;
				GCC_PREPROCESSOR_DEFINITIONS = (
					"DEBUG=1",
					"$(inherited)",
				);
				GCC_WARN_64_TO_32_BIT_CONVERSION = YES;
				GCC_WARN_ABOUT_RETURN_TYPE = YES_ERROR;
				GCC_WARN_UNDECLARED_SELECTOR = YES;
				GCC_WARN_UNINITIALIZED_AUTOS = YES_AGGRESSIVE;
				GCC_WARN_UNUSED_FUNCTION = YES;
				GCC_WARN_UNUSED_VARIABLE = YES;
				MACOSX_DEPLOYMENT_TARGET = 13.1;
				MTL_ENABLE_DEBUG_INFO = INCLUDE_SOURCE;
				MTL_FAST_MATH = YES;
				ONLY_ACTIVE_ARCH = YES;
				SDKROOT = macosx;
				SWIFT_ACTIVE_COMPILATION_CONDITIONS = DEBUG;
				SWIFT_OPTIMIZATION_LEVEL = "-Onone";
			};
			name = Debug;
		};
		163C54AB29D2F44C0083DEE5 /* Release */ = {
			isa = XCBuildConfiguration;
			buildSettings = {
				ALWAYS_SEARCH_USER_PATHS = NO;
				CLANG_ANALYZER_NONNULL = YES;
				CLANG_ANALYZER_NUMBER_OBJECT_CONVERSION = YES_AGGRESSIVE;
				CLANG_CXX_LANGUAGE_STANDARD = "gnu++20";
				CLANG_ENABLE_MODULES = YES;
				CLANG_ENABLE_OBJC_ARC = YES;
				CLANG_ENABLE_OBJC_WEAK = YES;
				CLANG_WARN_BLOCK_CAPTURE_AUTORELEASING = YES;
				CLANG_WARN_BOOL_CONVERSION = YES;
				CLANG_WARN_COMMA = YES;
				CLANG_WARN_CONSTANT_CONVERSION = YES;
				CLANG_WARN_DEPRECATED_OBJC_IMPLEMENTATIONS = YES;
				CLANG_WARN_DIRECT_OBJC_ISA_USAGE = YES_ERROR;
				CLANG_WARN_DOCUMENTATION_COMMENTS = YES;
				CLANG_WARN_EMPTY_BODY = YES;
				CLANG_WARN_ENUM_CONVERSION = YES;
				CLANG_WARN_INFINITE_RECURSION = YES;
				CLANG_WARN_INT_CONVERSION = YES;
				CLANG_WARN_NON_LITERAL_NULL_CONVERSION = YES;
				CLANG_WARN_OBJC_IMPLICIT_RETAIN_SELF = YES;
				CLANG_WARN_OBJC_LITERAL_CONVERSION = YES;
				CLANG_WARN_OBJC_ROOT_CLASS = YES_ERROR;
				CLANG_WARN_QUOTED_INCLUDE_IN_FRAMEWORK_HEADER = YES;
				CLANG_WARN_RANGE_LOOP_ANALYSIS = YES;
				CLANG_WARN_STRICT_PROTOTYPES = YES;
				CLANG_WARN_SUSPICIOUS_MOVE = YES;
				CLANG_WARN_UNGUARDED_AVAILABILITY = YES_AGGRESSIVE;
				CLANG_WARN_UNREACHABLE_CODE = YES;
				CLANG_WARN__DUPLICATE_METHOD_MATCH = YES;
				COPY_PHASE_STRIP = NO;
				DEBUG_INFORMATION_FORMAT = "dwarf-with-dsym";
				ENABLE_NS_ASSERTIONS = NO;
				ENABLE_STRICT_OBJC_MSGSEND = YES;
				GCC_C_LANGUAGE_STANDARD = gnu11;
				GCC_NO_COMMON_BLOCKS = YES;
				GCC_WARN_64_TO_32_BIT_CONVERSION = YES;
				GCC_WARN_ABOUT_RETURN_TYPE = YES_ERROR;
				GCC_WARN_UNDECLARED_SELECTOR = YES;
				GCC_WARN_UNINITIALIZED_AUTOS = YES_AGGRESSIVE;
				GCC_WARN_UNUSED_FUNCTION = YES;
				GCC_WARN_UNUSED_VARIABLE = YES;
				MACOSX_DEPLOYMENT_TARGET = 13.1;
				MTL_ENABLE_DEBUG_INFO = NO;
				MTL_FAST_MATH = YES;
				SDKROOT = macosx;
				SWIFT_COMPILATION_MODE = wholemodule;
				SWIFT_OPTIMIZATION_LEVEL = "-O";
			};
			name = Release;
		};
		163C54AD29D2F44C0083DEE5 /* Debug */ = {
			isa = XCBuildConfiguration;
			buildSettings = {
				CODE_SIGN_STYLE = Automatic;
				PRODUCT_NAME = "$(TARGET_NAME)";
				SWIFT_VERSION = 5.0;
			};
			name = Debug;
		};
		163C54AE29D2F44C0083DEE5 /* Release */ = {
			isa = XCBuildConfiguration;
			buildSettings = {
				CODE_SIGN_STYLE = Automatic;
				PRODUCT_NAME = "$(TARGET_NAME)";
				SWIFT_VERSION = 5.0;
			};
			name = Release;
		};
/* End XCBuildConfiguration section */

/* Begin XCConfigurationList section */
		163C54A029D2F44C0083DEE5 /* Build configuration list for PBXProject "swiftConsoleApp" */ = {
			isa = XCConfigurationList;
			buildConfigurations = (
				163C54AA29D2F44C0083DEE5 /* Debug */,
				163C54AB29D2F44C0083DEE5 /* Release */,
			);
			defaultConfigurationIsVisible = 0;
			defaultConfigurationName = Release;
		};
		163C54AC29D2F44C0083DEE5 /* Build configuration list for PBXNativeTarget "swiftConsoleApp" */ = {
			isa = XCConfigurationList;
			buildConfigurations = (
				163C54AD29D2F44C0083DEE5 /* Debug */,
				163C54AE29D2F44C0083DEE5 /* Release */,
			);
			defaultConfigurationIsVisible = 0;
			defaultConfigurationName = Release;
		};
/* End XCConfigurationList section */
	};
	rootObject = 163C549D29D2F44C0083DEE5 /* Project object */;
}
